// !$*UTF8*$!
{
	archiveVersion = 1;
	classes = {
	};
	objectVersion = 56;
	objects = {

/* Begin PBXBuildFile section */
		A09B04572BF1FD40009A56AF /* SwiftStudy_17App.swift in Sources */ = {isa = PBXBuildFile; fileRef = A09B04562BF1FD40009A56AF /* SwiftStudy_17App.swift */; };
		A09B04592BF1FD40009A56AF /* ContentView.swift in Sources */ = {isa = PBXBuildFile; fileRef = A09B04582BF1FD40009A56AF /* ContentView.swift */; };
		A09B045B2BF1FD41009A56AF /* Assets.xcassets in Resources */ = {isa = PBXBuildFile; fileRef = A09B045A2BF1FD41009A56AF /* Assets.xcassets */; };
		A09B045E2BF1FD41009A56AF /* Preview Assets.xcassets in Resources */ = {isa = PBXBuildFile; fileRef = A09B045D2BF1FD41009A56AF /* Preview Assets.xcassets */; };
		A09B046B2BF320C3009A56AF /* SwiftStudy_17Tests.swift in Sources */ = {isa = PBXBuildFile; fileRef = A09B046A2BF320C3009A56AF /* SwiftStudy_17Tests.swift */; };
/* End PBXBuildFile section */

/* Begin PBXContainerItemProxy section */
		A09B046C2BF320C3009A56AF /* PBXContainerItemProxy */ = {
			isa = PBXContainerItemProxy;
			containerPortal = A09B044B2BF1FD40009A56AF /* Project object */;
			proxyType = 1;
			remoteGlobalIDString = A09B04522BF1FD40009A56AF;
			remoteInfo = "SwiftStudy-17";
		};
/* End PBXContainerItemProxy section */

/* Begin PBXFileReference section */
		A09B04532BF1FD40009A56AF /* SwiftStudy-17.app */ = {isa = PBXFileReference; explicitFileType = wrapper.application; includeInIndex = 0; path = "SwiftStudy-17.app"; sourceTree = BUILT_PRODUCTS_DIR; };
		A09B04562BF1FD40009A56AF /* SwiftStudy_17App.swift */ = {isa = PBXFileReference; lastKnownFileType = sourcecode.swift; path = SwiftStudy_17App.swift; sourceTree = "<group>"; };
		A09B04582BF1FD40009A56AF /* ContentView.swift */ = {isa = PBXFileReference; lastKnownFileType = sourcecode.swift; path = ContentView.swift; sourceTree = "<group>"; };
		A09B045A2BF1FD41009A56AF /* Assets.xcassets */ = {isa = PBXFileReference; lastKnownFileType = folder.assetcatalog; path = Assets.xcassets; sourceTree = "<group>"; };
		A09B045D2BF1FD41009A56AF /* Preview Assets.xcassets */ = {isa = PBXFileReference; lastKnownFileType = folder.assetcatalog; path = "Preview Assets.xcassets"; sourceTree = "<group>"; };
		A09B04682BF320C3009A56AF /* SwiftStudy-17Tests.xctest */ = {isa = PBXFileReference; explicitFileType = wrapper.cfbundle; includeInIndex = 0; path = "SwiftStudy-17Tests.xctest"; sourceTree = BUILT_PRODUCTS_DIR; };
		A09B046A2BF320C3009A56AF /* SwiftStudy_17Tests.swift */ = {isa = PBXFileReference; lastKnownFileType = sourcecode.swift; path = SwiftStudy_17Tests.swift; sourceTree = "<group>"; };
/* End PBXFileReference section */

/* Begin PBXFrameworksBuildPhase section */
		A09B04502BF1FD40009A56AF /* Frameworks */ = {
			isa = PBXFrameworksBuildPhase;
			buildActionMask = 2147483647;
			files = (
			);
			runOnlyForDeploymentPostprocessing = 0;
		};
		A09B04652BF320C3009A56AF /* Frameworks */ = {
			isa = PBXFrameworksBuildPhase;
			buildActionMask = 2147483647;
			files = (
			);
			runOnlyForDeploymentPostprocessing = 0;
		};
/* End PBXFrameworksBuildPhase section */

/* Begin PBXGroup section */
		A09B044A2BF1FD40009A56AF = {
			isa = PBXGroup;
			children = (
				A09B04552BF1FD40009A56AF /* SwiftStudy-17 */,
				A09B04692BF320C3009A56AF /* SwiftStudy-17Tests */,
				A09B04542BF1FD40009A56AF /* Products */,
			);
			sourceTree = "<group>";
		};
		A09B04542BF1FD40009A56AF /* Products */ = {
			isa = PBXGroup;
			children = (
				A09B04532BF1FD40009A56AF /* SwiftStudy-17.app */,
				A09B04682BF320C3009A56AF /* SwiftStudy-17Tests.xctest */,
			);
			name = Products;
			sourceTree = "<group>";
		};
		A09B04552BF1FD40009A56AF /* SwiftStudy-17 */ = {
			isa = PBXGroup;
			children = (
				A09B04562BF1FD40009A56AF /* SwiftStudy_17App.swift */,
				A09B04582BF1FD40009A56AF /* ContentView.swift */,
				A09B045A2BF1FD41009A56AF /* Assets.xcassets */,
				A09B045C2BF1FD41009A56AF /* Preview Content */,
			);
			path = "SwiftStudy-17";
			sourceTree = "<group>";
		};
		A09B045C2BF1FD41009A56AF /* Preview Content */ = {
			isa = PBXGroup;
			children = (
				A09B045D2BF1FD41009A56AF /* Preview Assets.xcassets */,
			);
			path = "Preview Content";
			sourceTree = "<group>";
		};
		A09B04692BF320C3009A56AF /* SwiftStudy-17Tests */ = {
			isa = PBXGroup;
			children = (
				A09B046A2BF320C3009A56AF /* SwiftStudy_17Tests.swift */,
			);
			path = "SwiftStudy-17Tests";
			sourceTree = "<group>";
		};
/* End PBXGroup section */

/* Begin PBXNativeTarget section */
		A09B04522BF1FD40009A56AF /* SwiftStudy-17 */ = {
			isa = PBXNativeTarget;
			buildConfigurationList = A09B04612BF1FD41009A56AF /* Build configuration list for PBXNativeTarget "SwiftStudy-17" */;
			buildPhases = (
				A09B044F2BF1FD40009A56AF /* Sources */,
				A09B04502BF1FD40009A56AF /* Frameworks */,
				A09B04512BF1FD40009A56AF /* Resources */,
			);
			buildRules = (
			);
			dependencies = (
			);
			name = "SwiftStudy-17";
			productName = "SwiftStudy-17";
			productReference = A09B04532BF1FD40009A56AF /* SwiftStudy-17.app */;
			productType = "com.apple.product-type.application";
		};
		A09B04672BF320C3009A56AF /* SwiftStudy-17Tests */ = {
			isa = PBXNativeTarget;
			buildConfigurationList = A09B04702BF320C3009A56AF /* Build configuration list for PBXNativeTarget "SwiftStudy-17Tests" */;
			buildPhases = (
				A09B04642BF320C3009A56AF /* Sources */,
				A09B04652BF320C3009A56AF /* Frameworks */,
				A09B04662BF320C3009A56AF /* Resources */,
			);
			buildRules = (
			);
			dependencies = (
				A09B046D2BF320C3009A56AF /* PBXTargetDependency */,
			);
			name = "SwiftStudy-17Tests";
			productName = "SwiftStudy-17Tests";
			productReference = A09B04682BF320C3009A56AF /* SwiftStudy-17Tests.xctest */;
			productType = "com.apple.product-type.bundle.unit-test";
		};
/* End PBXNativeTarget section */

/* Begin PBXProject section */
		A09B044B2BF1FD40009A56AF /* Project object */ = {
			isa = PBXProject;
			attributes = {
				BuildIndependentTargetsInParallel = 1;
				LastSwiftUpdateCheck = 1530;
				LastUpgradeCheck = 1530;
				TargetAttributes = {
					A09B04522BF1FD40009A56AF = {
						CreatedOnToolsVersion = 15.3;
					};
					A09B04672BF320C3009A56AF = {
						CreatedOnToolsVersion = 15.3;
						TestTargetID = A09B04522BF1FD40009A56AF;
					};
				};
			};
			buildConfigurationList = A09B044E2BF1FD40009A56AF /* Build configuration list for PBXProject "SwiftStudy-17" */;
			compatibilityVersion = "Xcode 14.0";
			developmentRegion = en;
			hasScannedForEncodings = 0;
			knownRegions = (
				en,
				Base,
			);
			mainGroup = A09B044A2BF1FD40009A56AF;
			productRefGroup = A09B04542BF1FD40009A56AF /* Products */;
			projectDirPath = "";
			projectRoot = "";
			targets = (
				A09B04522BF1FD40009A56AF /* SwiftStudy-17 */,
				A09B04672BF320C3009A56AF /* SwiftStudy-17Tests */,
			);
		};
/* End PBXProject section */

/* Begin PBXResourcesBuildPhase section */
		A09B04512BF1FD40009A56AF /* Resources */ = {
			isa = PBXResourcesBuildPhase;
			buildActionMask = 2147483647;
			files = (
				A09B045E2BF1FD41009A56AF /* Preview Assets.xcassets in Resources */,
				A09B045B2BF1FD41009A56AF /* Assets.xcassets in Resources */,
			);
			runOnlyForDeploymentPostprocessing = 0;
		};
		A09B04662BF320C3009A56AF /* Resources */ = {
			isa = PBXResourcesBuildPhase;
			buildActionMask = 2147483647;
			files = (
			);
			runOnlyForDeploymentPostprocessing = 0;
		};
/* End PBXResourcesBuildPhase section */

/* Begin PBXSourcesBuildPhase section */
		A09B044F2BF1FD40009A56AF /* Sources */ = {
			isa = PBXSourcesBuildPhase;
			buildActionMask = 2147483647;
			files = (
				A09B04592BF1FD40009A56AF /* ContentView.swift in Sources */,
				A09B04572BF1FD40009A56AF /* SwiftStudy_17App.swift in Sources */,
			);
			runOnlyForDeploymentPostprocessing = 0;
		};
		A09B04642BF320C3009A56AF /* Sources */ = {
			isa = PBXSourcesBuildPhase;
			buildActionMask = 2147483647;
			files = (
				A09B046B2BF320C3009A56AF /* SwiftStudy_17Tests.swift in Sources */,
			);
			runOnlyForDeploymentPostprocessing = 0;
		};
/* End PBXSourcesBuildPhase section */

/* Begin PBXTargetDependency section */
		A09B046D2BF320C3009A56AF /* PBXTargetDependency */ = {
			isa = PBXTargetDependency;
			target = A09B04522BF1FD40009A56AF /* SwiftStudy-17 */;
			targetProxy = A09B046C2BF320C3009A56AF /* PBXContainerItemProxy */;
		};
/* End PBXTargetDependency section */

/* Begin XCBuildConfiguration section */
		A09B045F2BF1FD41009A56AF /* Debug */ = {
			isa = XCBuildConfiguration;
			buildSettings = {
				ALWAYS_SEARCH_USER_PATHS = NO;
				ASSETCATALOG_COMPILER_GENERATE_SWIFT_ASSET_SYMBOL_EXTENSIONS = YES;
				CLANG_ANALYZER_NONNULL = YES;
				CLANG_ANALYZER_NUMBER_OBJECT_CONVERSION = YES_AGGRESSIVE;
				CLANG_CXX_LANGUAGE_STANDARD = "gnu++20";
				CLANG_ENABLE_MODULES = YES;
				CLANG_ENABLE_OBJC_ARC = YES;
				CLANG_ENABLE_OBJC_WEAK = YES;
				CLANG_WARN_BLOCK_CAPTURE_AUTORELEASING = YES;
				CLANG_WARN_BOOL_CONVERSION = YES;
				CLANG_WARN_COMMA = YES;
				CLANG_WARN_CONSTANT_CONVERSION = YES;
				CLANG_WARN_DEPRECATED_OBJC_IMPLEMENTATIONS = YES;
				CLANG_WARN_DIRECT_OBJC_ISA_USAGE = YES_ERROR;
				CLANG_WARN_DOCUMENTATION_COMMENTS = YES;
				CLANG_WARN_EMPTY_BODY = YES;
				CLANG_WARN_ENUM_CONVERSION = YES;
				CLANG_WARN_INFINITE_RECURSION = YES;
				CLANG_WARN_INT_CONVERSION = YES;
				CLANG_WARN_NON_LITERAL_NULL_CONVERSION = YES;
				CLANG_WARN_OBJC_IMPLICIT_RETAIN_SELF = YES;
				CLANG_WARN_OBJC_LITERAL_CONVERSION = YES;
				CLANG_WARN_OBJC_ROOT_CLASS = YES_ERROR;
				CLANG_WARN_QUOTED_INCLUDE_IN_FRAMEWORK_HEADER = YES;
				CLANG_WARN_RANGE_LOOP_ANALYSIS = YES;
				CLANG_WARN_STRICT_PROTOTYPES = YES;
				CLANG_WARN_SUSPICIOUS_MOVE = YES;
				CLANG_WARN_UNGUARDED_AVAILABILITY = YES_AGGRESSIVE;
				CLANG_WARN_UNREACHABLE_CODE = YES;
				CLANG_WARN__DUPLICATE_METHOD_MATCH = YES;
				COPY_PHASE_STRIP = NO;
				DEBUG_INFORMATION_FORMAT = dwarf;
				ENABLE_STRICT_OBJC_MSGSEND = YES;
				ENABLE_TESTABILITY = YES;
				ENABLE_USER_SCRIPT_SANDBOXING = YES;
				GCC_C_LANGUAGE_STANDARD = gnu17;
				GCC_DYNAMIC_NO_PIC = NO;
				GCC_NO_COMMON_BLOCKS = YES;
				GCC_OPTIMIZATION_LEVEL = 0;
				GCC_PREPROCESSOR_DEFINITIONS = (
					"DEBUG=1",
					"$(inherited)",
				);
				GCC_WARN_64_TO_32_BIT_CONVERSION = YES;
				GCC_WARN_ABOUT_RETURN_TYPE = YES_ERROR;
				GCC_WARN_UNDECLARED_SELECTOR = YES;
				GCC_WARN_UNINITIALIZED_AUTOS = YES_AGGRESSIVE;
				GCC_WARN_UNUSED_FUNCTION = YES;
				GCC_WARN_UNUSED_VARIABLE = YES;
				IPHONEOS_DEPLOYMENT_TARGET = 17.4;
				LOCALIZATION_PREFERS_STRING_CATALOGS = YES;
				MTL_ENABLE_DEBUG_INFO = INCLUDE_SOURCE;
				MTL_FAST_MATH = YES;
				ONLY_ACTIVE_ARCH = YES;
				SDKROOT = iphoneos;
				SWIFT_ACTIVE_COMPILATION_CONDITIONS = "DEBUG $(inherited)";
				SWIFT_OPTIMIZATION_LEVEL = "-Onone";
			};
			name = Debug;
		};
		A09B04602BF1FD41009A56AF /* Release */ = {
			isa = XCBuildConfiguration;
			buildSettings = {
				ALWAYS_SEARCH_USER_PATHS = NO;
				ASSETCATALOG_COMPILER_GENERATE_SWIFT_ASSET_SYMBOL_EXTENSIONS = YES;
				CLANG_ANALYZER_NONNULL = YES;
				CLANG_ANALYZER_NUMBER_OBJECT_CONVERSION = YES_AGGRESSIVE;
				CLANG_CXX_LANGUAGE_STANDARD = "gnu++20";
				CLANG_ENABLE_MODULES = YES;
				CLANG_ENABLE_OBJC_ARC = YES;
				CLANG_ENABLE_OBJC_WEAK = YES;
				CLANG_WARN_BLOCK_CAPTURE_AUTORELEASING = YES;
				CLANG_WARN_BOOL_CONVERSION = YES;
				CLANG_WARN_COMMA = YES;
				CLANG_WARN_CONSTANT_CONVERSION = YES;
				CLANG_WARN_DEPRECATED_OBJC_IMPLEMENTATIONS = YES;
				CLANG_WARN_DIRECT_OBJC_ISA_USAGE = YES_ERROR;
				CLANG_WARN_DOCUMENTATION_COMMENTS = YES;
				CLANG_WARN_EMPTY_BODY = YES;
				CLANG_WARN_ENUM_CONVERSION = YES;
				CLANG_WARN_INFINITE_RECURSION = YES;
				CLANG_WARN_INT_CONVERSION = YES;
				CLANG_WARN_NON_LITERAL_NULL_CONVERSION = YES;
				CLANG_WARN_OBJC_IMPLICIT_RETAIN_SELF = YES;
				CLANG_WARN_OBJC_LITERAL_CONVERSION = YES;
				CLANG_WARN_OBJC_ROOT_CLASS = YES_ERROR;
				CLANG_WARN_QUOTED_INCLUDE_IN_FRAMEWORK_HEADER = YES;
				CLANG_WARN_RANGE_LOOP_ANALYSIS = YES;
				CLANG_WARN_STRICT_PROTOTYPES = YES;
				CLANG_WARN_SUSPICIOUS_MOVE = YES;
				CLANG_WARN_UNGUARDED_AVAILABILITY = YES_AGGRESSIVE;
				CLANG_WARN_UNREACHABLE_CODE = YES;
				CLANG_WARN__DUPLICATE_METHOD_MATCH = YES;
				COPY_PHASE_STRIP = NO;
				DEBUG_INFORMATION_FORMAT = "dwarf-with-dsym";
				ENABLE_NS_ASSERTIONS = NO;
				ENABLE_STRICT_OBJC_MSGSEND = YES;
				ENABLE_USER_SCRIPT_SANDBOXING = YES;
				GCC_C_LANGUAGE_STANDARD = gnu17;
				GCC_NO_COMMON_BLOCKS = YES;
				GCC_WARN_64_TO_32_BIT_CONVERSION = YES;
				GCC_WARN_ABOUT_RETURN_TYPE = YES_ERROR;
				GCC_WARN_UNDECLARED_SELECTOR = YES;
				GCC_WARN_UNINITIALIZED_AUTOS = YES_AGGRESSIVE;
				GCC_WARN_UNUSED_FUNCTION = YES;
				GCC_WARN_UNUSED_VARIABLE = YES;
				IPHONEOS_DEPLOYMENT_TARGET = 17.4;
				LOCALIZATION_PREFERS_STRING_CATALOGS = YES;
				MTL_ENABLE_DEBUG_INFO = NO;
				MTL_FAST_MATH = YES;
				SDKROOT = iphoneos;
				SWIFT_COMPILATION_MODE = wholemodule;
				VALIDATE_PRODUCT = YES;
			};
			name = Release;
		};
		A09B04622BF1FD41009A56AF /* Debug */ = {
			isa = XCBuildConfiguration;
			buildSettings = {
				ASSETCATALOG_COMPILER_APPICON_NAME = AppIcon;
				ASSETCATALOG_COMPILER_GLOBAL_ACCENT_COLOR_NAME = AccentColor;
				CODE_SIGN_STYLE = Automatic;
				CURRENT_PROJECT_VERSION = 1;
				DEVELOPMENT_ASSET_PATHS = "\"SwiftStudy-17/Preview Content\"";
				DEVELOPMENT_TEAM = R442X5K7RC;
				ENABLE_PREVIEWS = YES;
				GENERATE_INFOPLIST_FILE = YES;
				INFOPLIST_KEY_UIApplicationSceneManifest_Generation = YES;
				INFOPLIST_KEY_UIApplicationSupportsIndirectInputEvents = YES;
				INFOPLIST_KEY_UILaunchScreen_Generation = YES;
				INFOPLIST_KEY_UISupportedInterfaceOrientations_iPad = "UIInterfaceOrientationPortrait UIInterfaceOrientationPortraitUpsideDown UIInterfaceOrientationLandscapeLeft UIInterfaceOrientationLandscapeRight";
				INFOPLIST_KEY_UISupportedInterfaceOrientations_iPhone = "UIInterfaceOrientationPortrait UIInterfaceOrientationLandscapeLeft UIInterfaceOrientationLandscapeRight";
				LD_RUNPATH_SEARCH_PATHS = (
					"$(inherited)",
					"@executable_path/Frameworks",
				);
				MARKETING_VERSION = 1.0;
				PRODUCT_BUNDLE_IDENTIFIER = "org.SwiftStudy-17";
				PRODUCT_NAME = "$(TARGET_NAME)";
				SWIFT_EMIT_LOC_STRINGS = YES;
				SWIFT_VERSION = 5.0;
				TARGETED_DEVICE_FAMILY = "1,2";
			};
			name = Debug;
		};
		A09B04632BF1FD41009A56AF /* Release */ = {
			isa = XCBuildConfiguration;
			buildSettings = {
				ASSETCATALOG_COMPILER_APPICON_NAME = AppIcon;
				ASSETCATALOG_COMPILER_GLOBAL_ACCENT_COLOR_NAME = AccentColor;
				CODE_SIGN_STYLE = Automatic;
				CURRENT_PROJECT_VERSION = 1;
				DEVELOPMENT_ASSET_PATHS = "\"SwiftStudy-17/Preview Content\"";
				DEVELOPMENT_TEAM = R442X5K7RC;
				ENABLE_PREVIEWS = YES;
				GENERATE_INFOPLIST_FILE = YES;
				INFOPLIST_KEY_UIApplicationSceneManifest_Generation = YES;
				INFOPLIST_KEY_UIApplicationSupportsIndirectInputEvents = YES;
				INFOPLIST_KEY_UILaunchScreen_Generation = YES;
				INFOPLIST_KEY_UISupportedInterfaceOrientations_iPad = "UIInterfaceOrientationPortrait UIInterfaceOrientationPortraitUpsideDown UIInterfaceOrientationLandscapeLeft UIInterfaceOrientationLandscapeRight";
				INFOPLIST_KEY_UISupportedInterfaceOrientations_iPhone = "UIInterfaceOrientationPortrait UIInterfaceOrientationLandscapeLeft UIInterfaceOrientationLandscapeRight";
				LD_RUNPATH_SEARCH_PATHS = (
					"$(inherited)",
					"@executable_path/Frameworks",
				);
				MARKETING_VERSION = 1.0;
				PRODUCT_BUNDLE_IDENTIFIER = "org.SwiftStudy-17";
				PRODUCT_NAME = "$(TARGET_NAME)";
				SWIFT_EMIT_LOC_STRINGS = YES;
				SWIFT_VERSION = 5.0;
				TARGETED_DEVICE_FAMILY = "1,2";
			};
			name = Release;
		};
		A09B046E2BF320C3009A56AF /* Debug */ = {
			isa = XCBuildConfiguration;
			buildSettings = {
				BUNDLE_LOADER = "$(TEST_HOST)";
				CODE_SIGN_STYLE = Automatic;
				CURRENT_PROJECT_VERSION = 1;
				DEVELOPMENT_TEAM = R442X5K7RC;
				GENERATE_INFOPLIST_FILE = YES;
				MARKETING_VERSION = 1.0;
				PRODUCT_BUNDLE_IDENTIFIER = "org.SwiftStudy-17Tests";
				PRODUCT_NAME = "$(TARGET_NAME)";
				SWIFT_EMIT_LOC_STRINGS = NO;
				SWIFT_VERSION = 5.0;
				TARGETED_DEVICE_FAMILY = "1,2";
				TEST_HOST = "$(BUILT_PRODUCTS_DIR)/SwiftStudy-17.app/$(BUNDLE_EXECUTABLE_FOLDER_PATH)/SwiftStudy-17";
			};
			name = Debug;
		};
		A09B046F2BF320C3009A56AF /* Release */ = {
			isa = XCBuildConfiguration;
			buildSettings = {
				BUNDLE_LOADER = "$(TEST_HOST)";
				CODE_SIGN_STYLE = Automatic;
				CURRENT_PROJECT_VERSION = 1;
				DEVELOPMENT_TEAM = R442X5K7RC;
				GENERATE_INFOPLIST_FILE = YES;
				MARKETING_VERSION = 1.0;
				PRODUCT_BUNDLE_IDENTIFIER = "org.SwiftStudy-17Tests";
				PRODUCT_NAME = "$(TARGET_NAME)";
				SWIFT_EMIT_LOC_STRINGS = NO;
				SWIFT_VERSION = 5.0;
				TARGETED_DEVICE_FAMILY = "1,2";
				TEST_HOST = "$(BUILT_PRODUCTS_DIR)/SwiftStudy-17.app/$(BUNDLE_EXECUTABLE_FOLDER_PATH)/SwiftStudy-17";
			};
			name = Release;
		};
/* End XCBuildConfiguration section */

/* Begin XCConfigurationList section */
		A09B044E2BF1FD40009A56AF /* Build configuration list for PBXProject "SwiftStudy-17" */ = {
			isa = XCConfigurationList;
			buildConfigurations = (
				A09B045F2BF1FD41009A56AF /* Debug */,
				A09B04602BF1FD41009A56AF /* Release */,
			);
			defaultConfigurationIsVisible = 0;
			defaultConfigurationName = Release;
		};
		A09B04612BF1FD41009A56AF /* Build configuration list for PBXNativeTarget "SwiftStudy-17" */ = {
			isa = XCConfigurationList;
			buildConfigurations = (
				A09B04622BF1FD41009A56AF /* Debug */,
				A09B04632BF1FD41009A56AF /* Release */,
			);
			defaultConfigurationIsVisible = 0;
			defaultConfigurationName = Release;
		};
		A09B04702BF320C3009A56AF /* Build configuration list for PBXNativeTarget "SwiftStudy-17Tests" */ = {
			isa = XCConfigurationList;
			buildConfigurations = (
				A09B046E2BF320C3009A56AF /* Debug */,
				A09B046F2BF320C3009A56AF /* Release */,
			);
			defaultConfigurationIsVisible = 0;
			defaultConfigurationName = Release;
		};
/* End XCConfigurationList section */
	};
	rootObject = A09B044B2BF1FD40009A56AF /* Project object */;
}
