// !$*UTF8*$!
{
	archiveVersion = 1;
	classes = {
	};
	objectVersion = 56;
	objects = {

/* Begin PBXBuildFile section */
		A037A9A42B70884E004638FF /* SwiftStudy_9App.swift in Sources */ = {isa = PBXBuildFile; fileRef = A037A9A32B70884E004638FF /* SwiftStudy_9App.swift */; };
		A037A9A82B708851004638FF /* Assets.xcassets in Resources */ = {isa = PBXBuildFile; fileRef = A037A9A72B708851004638FF /* Assets.xcassets */; };
		A037A9AB2B708851004638FF /* Preview Assets.xcassets in Resources */ = {isa = PBXBuildFile; fileRef = A037A9AA2B708851004638FF /* Preview Assets.xcassets */; };
		A037A9B52B708852004638FF /* SwiftStudy_9Tests.swift in Sources */ = {isa = PBXBuildFile; fileRef = A037A9B42B708852004638FF /* SwiftStudy_9Tests.swift */; };
		A037A9BF2B708852004638FF /* SwiftStudy_9UITests.swift in Sources */ = {isa = PBXBuildFile; fileRef = A037A9BE2B708852004638FF /* SwiftStudy_9UITests.swift */; };
		A037A9C12B708852004638FF /* SwiftStudy_9UITestsLaunchTests.swift in Sources */ = {isa = PBXBuildFile; fileRef = A037A9C02B708852004638FF /* SwiftStudy_9UITestsLaunchTests.swift */; };
		A037A9D22B70C499004638FF /* TodoListView.swift in Sources */ = {isa = PBXBuildFile; fileRef = A037A9D12B70C499004638FF /* TodoListView.swift */; };
		A037A9D42B70C4E2004638FF /* Todo.swift in Sources */ = {isa = PBXBuildFile; fileRef = A037A9D32B70C4E2004638FF /* Todo.swift */; };
		A037A9D62B71313B004638FF /* AddView.swift in Sources */ = {isa = PBXBuildFile; fileRef = A037A9D52B71313B004638FF /* AddView.swift */; };
		A05435A52B7211D900CCC648 /* ListViewModel.swift in Sources */ = {isa = PBXBuildFile; fileRef = A05435A42B7211D900CCC648 /* ListViewModel.swift */; };
/* End PBXBuildFile section */

/* Begin PBXContainerItemProxy section */
		A037A9B12B708852004638FF /* PBXContainerItemProxy */ = {
			isa = PBXContainerItemProxy;
			containerPortal = A037A9982B70884E004638FF /* Project object */;
			proxyType = 1;
			remoteGlobalIDString = A037A99F2B70884E004638FF;
			remoteInfo = "SwiftStudy-9";
		};
		A037A9BB2B708852004638FF /* PBXContainerItemProxy */ = {
			isa = PBXContainerItemProxy;
			containerPortal = A037A9982B70884E004638FF /* Project object */;
			proxyType = 1;
			remoteGlobalIDString = A037A99F2B70884E004638FF;
			remoteInfo = "SwiftStudy-9";
		};
/* End PBXContainerItemProxy section */

/* Begin PBXFileReference section */
		A037A9A02B70884E004638FF /* SwiftStudy-9.app */ = {isa = PBXFileReference; explicitFileType = wrapper.application; includeInIndex = 0; path = "SwiftStudy-9.app"; sourceTree = BUILT_PRODUCTS_DIR; };
		A037A9A32B70884E004638FF /* SwiftStudy_9App.swift */ = {isa = PBXFileReference; lastKnownFileType = sourcecode.swift; path = SwiftStudy_9App.swift; sourceTree = "<group>"; };
		A037A9A72B708851004638FF /* Assets.xcassets */ = {isa = PBXFileReference; lastKnownFileType = folder.assetcatalog; path = Assets.xcassets; sourceTree = "<group>"; };
		A037A9AA2B708851004638FF /* Preview Assets.xcassets */ = {isa = PBXFileReference; lastKnownFileType = folder.assetcatalog; path = "Preview Assets.xcassets"; sourceTree = "<group>"; };
		A037A9B02B708852004638FF /* SwiftStudy-9Tests.xctest */ = {isa = PBXFileReference; explicitFileType = wrapper.cfbundle; includeInIndex = 0; path = "SwiftStudy-9Tests.xctest"; sourceTree = BUILT_PRODUCTS_DIR; };
		A037A9B42B708852004638FF /* SwiftStudy_9Tests.swift */ = {isa = PBXFileReference; lastKnownFileType = sourcecode.swift; path = SwiftStudy_9Tests.swift; sourceTree = "<group>"; };
		A037A9BA2B708852004638FF /* SwiftStudy-9UITests.xctest */ = {isa = PBXFileReference; explicitFileType = wrapper.cfbundle; includeInIndex = 0; path = "SwiftStudy-9UITests.xctest"; sourceTree = BUILT_PRODUCTS_DIR; };
		A037A9BE2B708852004638FF /* SwiftStudy_9UITests.swift */ = {isa = PBXFileReference; lastKnownFileType = sourcecode.swift; path = SwiftStudy_9UITests.swift; sourceTree = "<group>"; };
		A037A9C02B708852004638FF /* SwiftStudy_9UITestsLaunchTests.swift */ = {isa = PBXFileReference; lastKnownFileType = sourcecode.swift; path = SwiftStudy_9UITestsLaunchTests.swift; sourceTree = "<group>"; };
		A037A9D12B70C499004638FF /* TodoListView.swift */ = {isa = PBXFileReference; lastKnownFileType = sourcecode.swift; path = TodoListView.swift; sourceTree = "<group>"; };
		A037A9D32B70C4E2004638FF /* Todo.swift */ = {isa = PBXFileReference; lastKnownFileType = sourcecode.swift; path = Todo.swift; sourceTree = "<group>"; };
		A037A9D52B71313B004638FF /* AddView.swift */ = {isa = PBXFileReference; lastKnownFileType = sourcecode.swift; path = AddView.swift; sourceTree = "<group>"; };
		A05435A42B7211D900CCC648 /* ListViewModel.swift */ = {isa = PBXFileReference; lastKnownFileType = sourcecode.swift; path = ListViewModel.swift; sourceTree = "<group>"; };
		A0EDC4132B73DE7400B4AB1E /* README.md */ = {isa = PBXFileReference; lastKnownFileType = net.daringfireball.markdown; path = README.md; sourceTree = "<group>"; };
/* End PBXFileReference section */

/* Begin PBXFrameworksBuildPhase section */
		A037A99D2B70884E004638FF /* Frameworks */ = {
			isa = PBXFrameworksBuildPhase;
			buildActionMask = 2147483647;
			files = (
			);
			runOnlyForDeploymentPostprocessing = 0;
		};
		A037A9AD2B708852004638FF /* Frameworks */ = {
			isa = PBXFrameworksBuildPhase;
			buildActionMask = 2147483647;
			files = (
			);
			runOnlyForDeploymentPostprocessing = 0;
		};
		A037A9B72B708852004638FF /* Frameworks */ = {
			isa = PBXFrameworksBuildPhase;
			buildActionMask = 2147483647;
			files = (
			);
			runOnlyForDeploymentPostprocessing = 0;
		};
/* End PBXFrameworksBuildPhase section */

/* Begin PBXGroup section */
		A037A9972B70884E004638FF = {
			isa = PBXGroup;
			children = (
				A0EDC4132B73DE7400B4AB1E /* README.md */,
				A037A9A22B70884E004638FF /* SwiftStudy-9 */,
				A037A9B32B708852004638FF /* SwiftStudy-9Tests */,
				A037A9BD2B708852004638FF /* SwiftStudy-9UITests */,
				A037A9A12B70884E004638FF /* Products */,
			);
			sourceTree = "<group>";
		};
		A037A9A12B70884E004638FF /* Products */ = {
			isa = PBXGroup;
			children = (
				A037A9A02B70884E004638FF /* SwiftStudy-9.app */,
				A037A9B02B708852004638FF /* SwiftStudy-9Tests.xctest */,
				A037A9BA2B708852004638FF /* SwiftStudy-9UITests.xctest */,
			);
			name = Products;
			sourceTree = "<group>";
		};
		A037A9A22B70884E004638FF /* SwiftStudy-9 */ = {
			isa = PBXGroup;
			children = (
				A05435A32B72114800CCC648 /* ViewModel */,
				A037A9D02B70BDBA004638FF /* View */,
				A037A9CD2B70BD97004638FF /* Model */,
				A037A9A32B70884E004638FF /* SwiftStudy_9App.swift */,
				A037A9A72B708851004638FF /* Assets.xcassets */,
				A037A9A92B708851004638FF /* Preview Content */,
			);
			path = "SwiftStudy-9";
			sourceTree = "<group>";
		};
		A037A9A92B708851004638FF /* Preview Content */ = {
			isa = PBXGroup;
			children = (
				A037A9AA2B708851004638FF /* Preview Assets.xcassets */,
			);
			path = "Preview Content";
			sourceTree = "<group>";
		};
		A037A9B32B708852004638FF /* SwiftStudy-9Tests */ = {
			isa = PBXGroup;
			children = (
				A037A9B42B708852004638FF /* SwiftStudy_9Tests.swift */,
			);
			path = "SwiftStudy-9Tests";
			sourceTree = "<group>";
		};
		A037A9BD2B708852004638FF /* SwiftStudy-9UITests */ = {
			isa = PBXGroup;
			children = (
				A037A9BE2B708852004638FF /* SwiftStudy_9UITests.swift */,
				A037A9C02B708852004638FF /* SwiftStudy_9UITestsLaunchTests.swift */,
			);
			path = "SwiftStudy-9UITests";
			sourceTree = "<group>";
		};
		A037A9CD2B70BD97004638FF /* Model */ = {
			isa = PBXGroup;
			children = (
				A037A9D32B70C4E2004638FF /* Todo.swift */,
			);
			path = Model;
			sourceTree = "<group>";
		};
		A037A9D02B70BDBA004638FF /* View */ = {
			isa = PBXGroup;
			children = (
				A037A9D12B70C499004638FF /* TodoListView.swift */,
				A037A9D52B71313B004638FF /* AddView.swift */,
			);
			path = View;
			sourceTree = "<group>";
		};
		A05435A32B72114800CCC648 /* ViewModel */ = {
			isa = PBXGroup;
			children = (
				A05435A42B7211D900CCC648 /* ListViewModel.swift */,
			);
			path = ViewModel;
			sourceTree = "<group>";
		};
/* End PBXGroup section */

/* Begin PBXNativeTarget section */
		A037A99F2B70884E004638FF /* SwiftStudy-9 */ = {
			isa = PBXNativeTarget;
			buildConfigurationList = A037A9C42B708852004638FF /* Build configuration list for PBXNativeTarget "SwiftStudy-9" */;
			buildPhases = (
				A037A99C2B70884E004638FF /* Sources */,
				A037A99D2B70884E004638FF /* Frameworks */,
				A037A99E2B70884E004638FF /* Resources */,
			);
			buildRules = (
			);
			dependencies = (
			);
			name = "SwiftStudy-9";
			productName = "SwiftStudy-9";
			productReference = A037A9A02B70884E004638FF /* SwiftStudy-9.app */;
			productType = "com.apple.product-type.application";
		};
		A037A9AF2B708852004638FF /* SwiftStudy-9Tests */ = {
			isa = PBXNativeTarget;
			buildConfigurationList = A037A9C72B708852004638FF /* Build configuration list for PBXNativeTarget "SwiftStudy-9Tests" */;
			buildPhases = (
				A037A9AC2B708852004638FF /* Sources */,
				A037A9AD2B708852004638FF /* Frameworks */,
				A037A9AE2B708852004638FF /* Resources */,
			);
			buildRules = (
			);
			dependencies = (
				A037A9B22B708852004638FF /* PBXTargetDependency */,
			);
			name = "SwiftStudy-9Tests";
			productName = "SwiftStudy-9Tests";
			productReference = A037A9B02B708852004638FF /* SwiftStudy-9Tests.xctest */;
			productType = "com.apple.product-type.bundle.unit-test";
		};
		A037A9B92B708852004638FF /* SwiftStudy-9UITests */ = {
			isa = PBXNativeTarget;
			buildConfigurationList = A037A9CA2B708852004638FF /* Build configuration list for PBXNativeTarget "SwiftStudy-9UITests" */;
			buildPhases = (
				A037A9B62B708852004638FF /* Sources */,
				A037A9B72B708852004638FF /* Frameworks */,
				A037A9B82B708852004638FF /* Resources */,
			);
			buildRules = (
			);
			dependencies = (
				A037A9BC2B708852004638FF /* PBXTargetDependency */,
			);
			name = "SwiftStudy-9UITests";
			productName = "SwiftStudy-9UITests";
			productReference = A037A9BA2B708852004638FF /* SwiftStudy-9UITests.xctest */;
			productType = "com.apple.product-type.bundle.ui-testing";
		};
/* End PBXNativeTarget section */

/* Begin PBXProject section */
		A037A9982B70884E004638FF /* Project object */ = {
			isa = PBXProject;
			attributes = {
				BuildIndependentTargetsInParallel = 1;
				LastSwiftUpdateCheck = 1520;
				LastUpgradeCheck = 1520;
				TargetAttributes = {
					A037A99F2B70884E004638FF = {
						CreatedOnToolsVersion = 15.2;
					};
					A037A9AF2B708852004638FF = {
						CreatedOnToolsVersion = 15.2;
						TestTargetID = A037A99F2B70884E004638FF;
					};
					A037A9B92B708852004638FF = {
						CreatedOnToolsVersion = 15.2;
						TestTargetID = A037A99F2B70884E004638FF;
					};
				};
			};
			buildConfigurationList = A037A99B2B70884E004638FF /* Build configuration list for PBXProject "SwiftStudy-9" */;
			compatibilityVersion = "Xcode 14.0";
			developmentRegion = en;
			hasScannedForEncodings = 0;
			knownRegions = (
				en,
				Base,
			);
			mainGroup = A037A9972B70884E004638FF;
			productRefGroup = A037A9A12B70884E004638FF /* Products */;
			projectDirPath = "";
			projectRoot = "";
			targets = (
				A037A99F2B70884E004638FF /* SwiftStudy-9 */,
				A037A9AF2B708852004638FF /* SwiftStudy-9Tests */,
				A037A9B92B708852004638FF /* SwiftStudy-9UITests */,
			);
		};
/* End PBXProject section */

/* Begin PBXResourcesBuildPhase section */
		A037A99E2B70884E004638FF /* Resources */ = {
			isa = PBXResourcesBuildPhase;
			buildActionMask = 2147483647;
			files = (
				A037A9AB2B708851004638FF /* Preview Assets.xcassets in Resources */,
				A037A9A82B708851004638FF /* Assets.xcassets in Resources */,
			);
			runOnlyForDeploymentPostprocessing = 0;
		};
		A037A9AE2B708852004638FF /* Resources */ = {
			isa = PBXResourcesBuildPhase;
			buildActionMask = 2147483647;
			files = (
			);
			runOnlyForDeploymentPostprocessing = 0;
		};
		A037A9B82B708852004638FF /* Resources */ = {
			isa = PBXResourcesBuildPhase;
			buildActionMask = 2147483647;
			files = (
			);
			runOnlyForDeploymentPostprocessing = 0;
		};
/* End PBXResourcesBuildPhase section */

/* Begin PBXSourcesBuildPhase section */
		A037A99C2B70884E004638FF /* Sources */ = {
			isa = PBXSourcesBuildPhase;
			buildActionMask = 2147483647;
			files = (
				A05435A52B7211D900CCC648 /* ListViewModel.swift in Sources */,
				A037A9D62B71313B004638FF /* AddView.swift in Sources */,
				A037A9D22B70C499004638FF /* TodoListView.swift in Sources */,
				A037A9A42B70884E004638FF /* SwiftStudy_9App.swift in Sources */,
				A037A9D42B70C4E2004638FF /* Todo.swift in Sources */,
			);
			runOnlyForDeploymentPostprocessing = 0;
		};
		A037A9AC2B708852004638FF /* Sources */ = {
			isa = PBXSourcesBuildPhase;
			buildActionMask = 2147483647;
			files = (
				A037A9B52B708852004638FF /* SwiftStudy_9Tests.swift in Sources */,
			);
			runOnlyForDeploymentPostprocessing = 0;
		};
		A037A9B62B708852004638FF /* Sources */ = {
			isa = PBXSourcesBuildPhase;
			buildActionMask = 2147483647;
			files = (
				A037A9C12B708852004638FF /* SwiftStudy_9UITestsLaunchTests.swift in Sources */,
				A037A9BF2B708852004638FF /* SwiftStudy_9UITests.swift in Sources */,
			);
			runOnlyForDeploymentPostprocessing = 0;
		};
/* End PBXSourcesBuildPhase section */

/* Begin PBXTargetDependency section */
		A037A9B22B708852004638FF /* PBXTargetDependency */ = {
			isa = PBXTargetDependency;
			target = A037A99F2B70884E004638FF /* SwiftStudy-9 */;
			targetProxy = A037A9B12B708852004638FF /* PBXContainerItemProxy */;
		};
		A037A9BC2B708852004638FF /* PBXTargetDependency */ = {
			isa = PBXTargetDependency;
			target = A037A99F2B70884E004638FF /* SwiftStudy-9 */;
			targetProxy = A037A9BB2B708852004638FF /* PBXContainerItemProxy */;
		};
/* End PBXTargetDependency section */

/* Begin XCBuildConfiguration section */
		A037A9C22B708852004638FF /* Debug */ = {
			isa = XCBuildConfiguration;
			buildSettings = {
				ALWAYS_SEARCH_USER_PATHS = NO;
				ASSETCATALOG_COMPILER_GENERATE_SWIFT_ASSET_SYMBOL_EXTENSIONS = YES;
				CLANG_ANALYZER_NONNULL = YES;
				CLANG_ANALYZER_NUMBER_OBJECT_CONVERSION = YES_AGGRESSIVE;
				CLANG_CXX_LANGUAGE_STANDARD = "gnu++20";
				CLANG_ENABLE_MODULES = YES;
				CLANG_ENABLE_OBJC_ARC = YES;
				CLANG_ENABLE_OBJC_WEAK = YES;
				CLANG_WARN_BLOCK_CAPTURE_AUTORELEASING = YES;
				CLANG_WARN_BOOL_CONVERSION = YES;
				CLANG_WARN_COMMA = YES;
				CLANG_WARN_CONSTANT_CONVERSION = YES;
				CLANG_WARN_DEPRECATED_OBJC_IMPLEMENTATIONS = YES;
				CLANG_WARN_DIRECT_OBJC_ISA_USAGE = YES_ERROR;
				CLANG_WARN_DOCUMENTATION_COMMENTS = YES;
				CLANG_WARN_EMPTY_BODY = YES;
				CLANG_WARN_ENUM_CONVERSION = YES;
				CLANG_WARN_INFINITE_RECURSION = YES;
				CLANG_WARN_INT_CONVERSION = YES;
				CLANG_WARN_NON_LITERAL_NULL_CONVERSION = YES;
				CLANG_WARN_OBJC_IMPLICIT_RETAIN_SELF = YES;
				CLANG_WARN_OBJC_LITERAL_CONVERSION = YES;
				CLANG_WARN_OBJC_ROOT_CLASS = YES_ERROR;
				CLANG_WARN_QUOTED_INCLUDE_IN_FRAMEWORK_HEADER = YES;
				CLANG_WARN_RANGE_LOOP_ANALYSIS = YES;
				CLANG_WARN_STRICT_PROTOTYPES = YES;
				CLANG_WARN_SUSPICIOUS_MOVE = YES;
				CLANG_WARN_UNGUARDED_AVAILABILITY = YES_AGGRESSIVE;
				CLANG_WARN_UNREACHABLE_CODE = YES;
				CLANG_WARN__DUPLICATE_METHOD_MATCH = YES;
				COPY_PHASE_STRIP = NO;
				DEBUG_INFORMATION_FORMAT = dwarf;
				ENABLE_STRICT_OBJC_MSGSEND = YES;
				ENABLE_TESTABILITY = YES;
				ENABLE_USER_SCRIPT_SANDBOXING = YES;
				GCC_C_LANGUAGE_STANDARD = gnu17;
				GCC_DYNAMIC_NO_PIC = NO;
				GCC_NO_COMMON_BLOCKS = YES;
				GCC_OPTIMIZATION_LEVEL = 0;
				GCC_PREPROCESSOR_DEFINITIONS = (
					"DEBUG=1",
					"$(inherited)",
				);
				GCC_WARN_64_TO_32_BIT_CONVERSION = YES;
				GCC_WARN_ABOUT_RETURN_TYPE = YES_ERROR;
				GCC_WARN_UNDECLARED_SELECTOR = YES;
				GCC_WARN_UNINITIALIZED_AUTOS = YES_AGGRESSIVE;
				GCC_WARN_UNUSED_FUNCTION = YES;
				GCC_WARN_UNUSED_VARIABLE = YES;
				IPHONEOS_DEPLOYMENT_TARGET = 17.2;
				LOCALIZATION_PREFERS_STRING_CATALOGS = YES;
				MTL_ENABLE_DEBUG_INFO = INCLUDE_SOURCE;
				MTL_FAST_MATH = YES;
				ONLY_ACTIVE_ARCH = YES;
				SDKROOT = iphoneos;
				SWIFT_ACTIVE_COMPILATION_CONDITIONS = "DEBUG $(inherited)";
				SWIFT_OPTIMIZATION_LEVEL = "-Onone";
			};
			name = Debug;
		};
		A037A9C32B708852004638FF /* Release */ = {
			isa = XCBuildConfiguration;
			buildSettings = {
				ALWAYS_SEARCH_USER_PATHS = NO;
				ASSETCATALOG_COMPILER_GENERATE_SWIFT_ASSET_SYMBOL_EXTENSIONS = YES;
				CLANG_ANALYZER_NONNULL = YES;
				CLANG_ANALYZER_NUMBER_OBJECT_CONVERSION = YES_AGGRESSIVE;
				CLANG_CXX_LANGUAGE_STANDARD = "gnu++20";
				CLANG_ENABLE_MODULES = YES;
				CLANG_ENABLE_OBJC_ARC = YES;
				CLANG_ENABLE_OBJC_WEAK = YES;
				CLANG_WARN_BLOCK_CAPTURE_AUTORELEASING = YES;
				CLANG_WARN_BOOL_CONVERSION = YES;
				CLANG_WARN_COMMA = YES;
				CLANG_WARN_CONSTANT_CONVERSION = YES;
				CLANG_WARN_DEPRECATED_OBJC_IMPLEMENTATIONS = YES;
				CLANG_WARN_DIRECT_OBJC_ISA_USAGE = YES_ERROR;
				CLANG_WARN_DOCUMENTATION_COMMENTS = YES;
				CLANG_WARN_EMPTY_BODY = YES;
				CLANG_WARN_ENUM_CONVERSION = YES;
				CLANG_WARN_INFINITE_RECURSION = YES;
				CLANG_WARN_INT_CONVERSION = YES;
				CLANG_WARN_NON_LITERAL_NULL_CONVERSION = YES;
				CLANG_WARN_OBJC_IMPLICIT_RETAIN_SELF = YES;
				CLANG_WARN_OBJC_LITERAL_CONVERSION = YES;
				CLANG_WARN_OBJC_ROOT_CLASS = YES_ERROR;
				CLANG_WARN_QUOTED_INCLUDE_IN_FRAMEWORK_HEADER = YES;
				CLANG_WARN_RANGE_LOOP_ANALYSIS = YES;
				CLANG_WARN_STRICT_PROTOTYPES = YES;
				CLANG_WARN_SUSPICIOUS_MOVE = YES;
				CLANG_WARN_UNGUARDED_AVAILABILITY = YES_AGGRESSIVE;
				CLANG_WARN_UNREACHABLE_CODE = YES;
				CLANG_WARN__DUPLICATE_METHOD_MATCH = YES;
				COPY_PHASE_STRIP = NO;
				DEBUG_INFORMATION_FORMAT = "dwarf-with-dsym";
				ENABLE_NS_ASSERTIONS = NO;
				ENABLE_STRICT_OBJC_MSGSEND = YES;
				ENABLE_USER_SCRIPT_SANDBOXING = YES;
				GCC_C_LANGUAGE_STANDARD = gnu17;
				GCC_NO_COMMON_BLOCKS = YES;
				GCC_WARN_64_TO_32_BIT_CONVERSION = YES;
				GCC_WARN_ABOUT_RETURN_TYPE = YES_ERROR;
				GCC_WARN_UNDECLARED_SELECTOR = YES;
				GCC_WARN_UNINITIALIZED_AUTOS = YES_AGGRESSIVE;
				GCC_WARN_UNUSED_FUNCTION = YES;
				GCC_WARN_UNUSED_VARIABLE = YES;
				IPHONEOS_DEPLOYMENT_TARGET = 17.2;
				LOCALIZATION_PREFERS_STRING_CATALOGS = YES;
				MTL_ENABLE_DEBUG_INFO = NO;
				MTL_FAST_MATH = YES;
				SDKROOT = iphoneos;
				SWIFT_COMPILATION_MODE = wholemodule;
				VALIDATE_PRODUCT = YES;
			};
			name = Release;
		};
		A037A9C52B708852004638FF /* Debug */ = {
			isa = XCBuildConfiguration;
			buildSettings = {
				ASSETCATALOG_COMPILER_APPICON_NAME = AppIcon;
				ASSETCATALOG_COMPILER_GLOBAL_ACCENT_COLOR_NAME = AccentColor;
				CODE_SIGN_STYLE = Automatic;
				CURRENT_PROJECT_VERSION = 1;
				DEVELOPMENT_ASSET_PATHS = "\"SwiftStudy-9/Preview Content\"";
				DEVELOPMENT_TEAM = R442X5K7RC;
				ENABLE_PREVIEWS = YES;
				GENERATE_INFOPLIST_FILE = YES;
				INFOPLIST_KEY_UIApplicationSceneManifest_Generation = YES;
				INFOPLIST_KEY_UIApplicationSupportsIndirectInputEvents = YES;
				INFOPLIST_KEY_UILaunchScreen_Generation = YES;
				INFOPLIST_KEY_UISupportedInterfaceOrientations_iPad = "UIInterfaceOrientationPortrait UIInterfaceOrientationPortraitUpsideDown UIInterfaceOrientationLandscapeLeft UIInterfaceOrientationLandscapeRight";
				INFOPLIST_KEY_UISupportedInterfaceOrientations_iPhone = "UIInterfaceOrientationPortrait UIInterfaceOrientationLandscapeLeft UIInterfaceOrientationLandscapeRight";
				LD_RUNPATH_SEARCH_PATHS = (
					"$(inherited)",
					"@executable_path/Frameworks",
				);
				MARKETING_VERSION = 1.0;
				PRODUCT_BUNDLE_IDENTIFIER = "com.kangrok.SwiftStudy-9";
				PRODUCT_NAME = "$(TARGET_NAME)";
				SWIFT_EMIT_LOC_STRINGS = YES;
				SWIFT_VERSION = 5.0;
				TARGETED_DEVICE_FAMILY = "1,2";
			};
			name = Debug;
		};
		A037A9C62B708852004638FF /* Release */ = {
			isa = XCBuildConfiguration;
			buildSettings = {
				ASSETCATALOG_COMPILER_APPICON_NAME = AppIcon;
				ASSETCATALOG_COMPILER_GLOBAL_ACCENT_COLOR_NAME = AccentColor;
				CODE_SIGN_STYLE = Automatic;
				CURRENT_PROJECT_VERSION = 1;
				DEVELOPMENT_ASSET_PATHS = "\"SwiftStudy-9/Preview Content\"";
				DEVELOPMENT_TEAM = R442X5K7RC;
				ENABLE_PREVIEWS = YES;
				GENERATE_INFOPLIST_FILE = YES;
				INFOPLIST_KEY_UIApplicationSceneManifest_Generation = YES;
				INFOPLIST_KEY_UIApplicationSupportsIndirectInputEvents = YES;
				INFOPLIST_KEY_UILaunchScreen_Generation = YES;
				INFOPLIST_KEY_UISupportedInterfaceOrientations_iPad = "UIInterfaceOrientationPortrait UIInterfaceOrientationPortraitUpsideDown UIInterfaceOrientationLandscapeLeft UIInterfaceOrientationLandscapeRight";
				INFOPLIST_KEY_UISupportedInterfaceOrientations_iPhone = "UIInterfaceOrientationPortrait UIInterfaceOrientationLandscapeLeft UIInterfaceOrientationLandscapeRight";
				LD_RUNPATH_SEARCH_PATHS = (
					"$(inherited)",
					"@executable_path/Frameworks",
				);
				MARKETING_VERSION = 1.0;
				PRODUCT_BUNDLE_IDENTIFIER = "com.kangrok.SwiftStudy-9";
				PRODUCT_NAME = "$(TARGET_NAME)";
				SWIFT_EMIT_LOC_STRINGS = YES;
				SWIFT_VERSION = 5.0;
				TARGETED_DEVICE_FAMILY = "1,2";
			};
			name = Release;
		};
		A037A9C82B708852004638FF /* Debug */ = {
			isa = XCBuildConfiguration;
			buildSettings = {
				ALWAYS_EMBED_SWIFT_STANDARD_LIBRARIES = YES;
				BUNDLE_LOADER = "$(TEST_HOST)";
				CODE_SIGN_STYLE = Automatic;
				CURRENT_PROJECT_VERSION = 1;
				DEVELOPMENT_TEAM = R442X5K7RC;
				GENERATE_INFOPLIST_FILE = YES;
				IPHONEOS_DEPLOYMENT_TARGET = 17.2;
				MARKETING_VERSION = 1.0;
				PRODUCT_BUNDLE_IDENTIFIER = "com.kangrok.SwiftStudy-9Tests";
				PRODUCT_NAME = "$(TARGET_NAME)";
				SWIFT_EMIT_LOC_STRINGS = NO;
				SWIFT_VERSION = 5.0;
				TARGETED_DEVICE_FAMILY = "1,2";
				TEST_HOST = "$(BUILT_PRODUCTS_DIR)/SwiftStudy-9.app/$(BUNDLE_EXECUTABLE_FOLDER_PATH)/SwiftStudy-9";
			};
			name = Debug;
		};
		A037A9C92B708852004638FF /* Release */ = {
			isa = XCBuildConfiguration;
			buildSettings = {
				ALWAYS_EMBED_SWIFT_STANDARD_LIBRARIES = YES;
				BUNDLE_LOADER = "$(TEST_HOST)";
				CODE_SIGN_STYLE = Automatic;
				CURRENT_PROJECT_VERSION = 1;
				DEVELOPMENT_TEAM = R442X5K7RC;
				GENERATE_INFOPLIST_FILE = YES;
				IPHONEOS_DEPLOYMENT_TARGET = 17.2;
				MARKETING_VERSION = 1.0;
				PRODUCT_BUNDLE_IDENTIFIER = "com.kangrok.SwiftStudy-9Tests";
				PRODUCT_NAME = "$(TARGET_NAME)";
				SWIFT_EMIT_LOC_STRINGS = NO;
				SWIFT_VERSION = 5.0;
				TARGETED_DEVICE_FAMILY = "1,2";
				TEST_HOST = "$(BUILT_PRODUCTS_DIR)/SwiftStudy-9.app/$(BUNDLE_EXECUTABLE_FOLDER_PATH)/SwiftStudy-9";
			};
			name = Release;
		};
		A037A9CB2B708852004638FF /* Debug */ = {
			isa = XCBuildConfiguration;
			buildSettings = {
				ALWAYS_EMBED_SWIFT_STANDARD_LIBRARIES = YES;
				CODE_SIGN_STYLE = Automatic;
				CURRENT_PROJECT_VERSION = 1;
				DEVELOPMENT_TEAM = R442X5K7RC;
				GENERATE_INFOPLIST_FILE = YES;
				MARKETING_VERSION = 1.0;
				PRODUCT_BUNDLE_IDENTIFIER = "com.kangrok.SwiftStudy-9UITests";
				PRODUCT_NAME = "$(TARGET_NAME)";
				SWIFT_EMIT_LOC_STRINGS = NO;
				SWIFT_VERSION = 5.0;
				TARGETED_DEVICE_FAMILY = "1,2";
				TEST_TARGET_NAME = "SwiftStudy-9";
			};
			name = Debug;
		};
		A037A9CC2B708852004638FF /* Release */ = {
			isa = XCBuildConfiguration;
			buildSettings = {
				ALWAYS_EMBED_SWIFT_STANDARD_LIBRARIES = YES;
				CODE_SIGN_STYLE = Automatic;
				CURRENT_PROJECT_VERSION = 1;
				DEVELOPMENT_TEAM = R442X5K7RC;
				GENERATE_INFOPLIST_FILE = YES;
				MARKETING_VERSION = 1.0;
				PRODUCT_BUNDLE_IDENTIFIER = "com.kangrok.SwiftStudy-9UITests";
				PRODUCT_NAME = "$(TARGET_NAME)";
				SWIFT_EMIT_LOC_STRINGS = NO;
				SWIFT_VERSION = 5.0;
				TARGETED_DEVICE_FAMILY = "1,2";
				TEST_TARGET_NAME = "SwiftStudy-9";
			};
			name = Release;
		};
/* End XCBuildConfiguration section */

/* Begin XCConfigurationList section */
		A037A99B2B70884E004638FF /* Build configuration list for PBXProject "SwiftStudy-9" */ = {
			isa = XCConfigurationList;
			buildConfigurations = (
				A037A9C22B708852004638FF /* Debug */,
				A037A9C32B708852004638FF /* Release */,
			);
			defaultConfigurationIsVisible = 0;
			defaultConfigurationName = Release;
		};
		A037A9C42B708852004638FF /* Build configuration list for PBXNativeTarget "SwiftStudy-9" */ = {
			isa = XCConfigurationList;
			buildConfigurations = (
				A037A9C52B708852004638FF /* Debug */,
				A037A9C62B708852004638FF /* Release */,
			);
			defaultConfigurationIsVisible = 0;
			defaultConfigurationName = Release;
		};
		A037A9C72B708852004638FF /* Build configuration list for PBXNativeTarget "SwiftStudy-9Tests" */ = {
			isa = XCConfigurationList;
			buildConfigurations = (
				A037A9C82B708852004638FF /* Debug */,
				A037A9C92B708852004638FF /* Release */,
			);
			defaultConfigurationIsVisible = 0;
			defaultConfigurationName = Release;
		};
		A037A9CA2B708852004638FF /* Build configuration list for PBXNativeTarget "SwiftStudy-9UITests" */ = {
			isa = XCConfigurationList;
			buildConfigurations = (
				A037A9CB2B708852004638FF /* Debug */,
				A037A9CC2B708852004638FF /* Release */,
			);
			defaultConfigurationIsVisible = 0;
			defaultConfigurationName = Release;
		};
/* End XCConfigurationList section */
	};
	rootObject = A037A9982B70884E004638FF /* Project object */;
}
